// !$*UTF8*$!
{
	archiveVersion = 1;
	classes = {
	};
	objectVersion = 50;
	objects = {

/* Begin PBXBuildFile section */
		0A0FE499214874DD00D5FB3A /* MovieCell.swift in Sources */ = {isa = PBXBuildFile; fileRef = 0A0FE498214874DD00D5FB3A /* MovieCell.swift */; };
		0A236D3F2140B3F800D5E14C /* AppDelegate.swift in Sources */ = {isa = PBXBuildFile; fileRef = 0A236D3E2140B3F800D5E14C /* AppDelegate.swift */; };
		0A236D442140B3F900D5E14C /* Main.storyboard in Resources */ = {isa = PBXBuildFile; fileRef = 0A236D422140B3F900D5E14C /* Main.storyboard */; };
		0A236D462140B3FA00D5E14C /* Assets.xcassets in Resources */ = {isa = PBXBuildFile; fileRef = 0A236D452140B3FA00D5E14C /* Assets.xcassets */; };
		0A236D492140B3FA00D5E14C /* LaunchScreen.storyboard in Resources */ = {isa = PBXBuildFile; fileRef = 0A236D472140B3FA00D5E14C /* LaunchScreen.storyboard */; };
		0A236D542140B3FA00D5E14C /* MovieFyTests.swift in Sources */ = {isa = PBXBuildFile; fileRef = 0A236D532140B3FA00D5E14C /* MovieFyTests.swift */; };
		0A236D5F2140B3FA00D5E14C /* MovieFyUITests.swift in Sources */ = {isa = PBXBuildFile; fileRef = 0A236D5E2140B3FA00D5E14C /* MovieFyUITests.swift */; };
		0A236D722140BE2700D5E14C /* NowPlayingViewController.swift in Sources */ = {isa = PBXBuildFile; fileRef = 0A236D712140BE2700D5E14C /* NowPlayingViewController.swift */; };
		2152F07D5A2CF4404DB6760D /* Pods_MovieFyTests.framework in Frameworks */ = {isa = PBXBuildFile; fileRef = 8796835E17119F0199B530A1 /* Pods_MovieFyTests.framework */; };
		33BDBA46BFB904202104B8FB /* Pods_MovieFy.framework in Frameworks */ = {isa = PBXBuildFile; fileRef = BEF8B544A6571D4CDE062818 /* Pods_MovieFy.framework */; };
		413FD90E70EC551EFD5192D2 /* Pods_MovieFyUITests.framework in Frameworks */ = {isa = PBXBuildFile; fileRef = 6D934202326B0855213D867F /* Pods_MovieFyUITests.framework */; };
/* End PBXBuildFile section */

/* Begin PBXContainerItemProxy section */
		0A236D502140B3FA00D5E14C /* PBXContainerItemProxy */ = {
			isa = PBXContainerItemProxy;
			containerPortal = 0A236D332140B3F800D5E14C /* Project object */;
			proxyType = 1;
			remoteGlobalIDString = 0A236D3A2140B3F800D5E14C;
			remoteInfo = MovieFy;
		};
		0A236D5B2140B3FA00D5E14C /* PBXContainerItemProxy */ = {
			isa = PBXContainerItemProxy;
			containerPortal = 0A236D332140B3F800D5E14C /* Project object */;
			proxyType = 1;
			remoteGlobalIDString = 0A236D3A2140B3F800D5E14C;
			remoteInfo = MovieFy;
		};
/* End PBXContainerItemProxy section */

/* Begin PBXFileReference section */
		0A0FE498214874DD00D5FB3A /* MovieCell.swift */ = {isa = PBXFileReference; lastKnownFileType = sourcecode.swift; path = MovieCell.swift; sourceTree = "<group>"; };
		0A236D3B2140B3F800D5E14C /* MovieFy.app */ = {isa = PBXFileReference; explicitFileType = wrapper.application; includeInIndex = 0; path = MovieFy.app; sourceTree = BUILT_PRODUCTS_DIR; };
		0A236D3E2140B3F800D5E14C /* AppDelegate.swift */ = {isa = PBXFileReference; lastKnownFileType = sourcecode.swift; path = AppDelegate.swift; sourceTree = "<group>"; };
		0A236D432140B3F900D5E14C /* Base */ = {isa = PBXFileReference; lastKnownFileType = file.storyboard; name = Base; path = Base.lproj/Main.storyboard; sourceTree = "<group>"; };
		0A236D452140B3FA00D5E14C /* Assets.xcassets */ = {isa = PBXFileReference; lastKnownFileType = folder.assetcatalog; path = Assets.xcassets; sourceTree = "<group>"; };
		0A236D482140B3FA00D5E14C /* Base */ = {isa = PBXFileReference; lastKnownFileType = file.storyboard; name = Base; path = Base.lproj/LaunchScreen.storyboard; sourceTree = "<group>"; };
		0A236D4A2140B3FA00D5E14C /* Info.plist */ = {isa = PBXFileReference; lastKnownFileType = text.plist.xml; path = Info.plist; sourceTree = "<group>"; };
		0A236D4F2140B3FA00D5E14C /* MovieFyTests.xctest */ = {isa = PBXFileReference; explicitFileType = wrapper.cfbundle; includeInIndex = 0; path = MovieFyTests.xctest; sourceTree = BUILT_PRODUCTS_DIR; };
		0A236D532140B3FA00D5E14C /* MovieFyTests.swift */ = {isa = PBXFileReference; lastKnownFileType = sourcecode.swift; path = MovieFyTests.swift; sourceTree = "<group>"; };
		0A236D552140B3FA00D5E14C /* Info.plist */ = {isa = PBXFileReference; lastKnownFileType = text.plist.xml; path = Info.plist; sourceTree = "<group>"; };
		0A236D5A2140B3FA00D5E14C /* MovieFyUITests.xctest */ = {isa = PBXFileReference; explicitFileType = wrapper.cfbundle; includeInIndex = 0; path = MovieFyUITests.xctest; sourceTree = BUILT_PRODUCTS_DIR; };
		0A236D5E2140B3FA00D5E14C /* MovieFyUITests.swift */ = {isa = PBXFileReference; lastKnownFileType = sourcecode.swift; path = MovieFyUITests.swift; sourceTree = "<group>"; };
		0A236D602140B3FA00D5E14C /* Info.plist */ = {isa = PBXFileReference; lastKnownFileType = text.plist.xml; path = Info.plist; sourceTree = "<group>"; };
		0A236D712140BE2700D5E14C /* NowPlayingViewController.swift */ = {isa = PBXFileReference; lastKnownFileType = sourcecode.swift; path = NowPlayingViewController.swift; sourceTree = "<group>"; };
		0C8FE48D085DDE46EDE5D7C2 /* Pods-MovieFyTests.debug.xcconfig */ = {isa = PBXFileReference; includeInIndex = 1; lastKnownFileType = text.xcconfig; name = "Pods-MovieFyTests.debug.xcconfig"; path = "Pods/Target Support Files/Pods-MovieFyTests/Pods-MovieFyTests.debug.xcconfig"; sourceTree = "<group>"; };
		125C8E6FD0138A131A5A5B01 /* Pods-MovieFyUITests.debug.xcconfig */ = {isa = PBXFileReference; includeInIndex = 1; lastKnownFileType = text.xcconfig; name = "Pods-MovieFyUITests.debug.xcconfig"; path = "Pods/Target Support Files/Pods-MovieFyUITests/Pods-MovieFyUITests.debug.xcconfig"; sourceTree = "<group>"; };
		4243A0D102C301971C637709 /* Pods-MovieFyTests.release.xcconfig */ = {isa = PBXFileReference; includeInIndex = 1; lastKnownFileType = text.xcconfig; name = "Pods-MovieFyTests.release.xcconfig"; path = "Pods/Target Support Files/Pods-MovieFyTests/Pods-MovieFyTests.release.xcconfig"; sourceTree = "<group>"; };
		4D8A334E3FBB6B4B8D948ADA /* Pods-MovieFy.release.xcconfig */ = {isa = PBXFileReference; includeInIndex = 1; lastKnownFileType = text.xcconfig; name = "Pods-MovieFy.release.xcconfig"; path = "Pods/Target Support Files/Pods-MovieFy/Pods-MovieFy.release.xcconfig"; sourceTree = "<group>"; };
		58C6DE791F19C7E9B7C8FE58 /* Pods-MovieFy.debug.xcconfig */ = {isa = PBXFileReference; includeInIndex = 1; lastKnownFileType = text.xcconfig; name = "Pods-MovieFy.debug.xcconfig"; path = "Pods/Target Support Files/Pods-MovieFy/Pods-MovieFy.debug.xcconfig"; sourceTree = "<group>"; };
		6D934202326B0855213D867F /* Pods_MovieFyUITests.framework */ = {isa = PBXFileReference; explicitFileType = wrapper.framework; includeInIndex = 0; path = Pods_MovieFyUITests.framework; sourceTree = BUILT_PRODUCTS_DIR; };
		8796835E17119F0199B530A1 /* Pods_MovieFyTests.framework */ = {isa = PBXFileReference; explicitFileType = wrapper.framework; includeInIndex = 0; path = Pods_MovieFyTests.framework; sourceTree = BUILT_PRODUCTS_DIR; };
		AC08231DA7F128CDBD41B6ED /* Pods-MovieFyUITests.release.xcconfig */ = {isa = PBXFileReference; includeInIndex = 1; lastKnownFileType = text.xcconfig; name = "Pods-MovieFyUITests.release.xcconfig"; path = "Pods/Target Support Files/Pods-MovieFyUITests/Pods-MovieFyUITests.release.xcconfig"; sourceTree = "<group>"; };
		BEF8B544A6571D4CDE062818 /* Pods_MovieFy.framework */ = {isa = PBXFileReference; explicitFileType = wrapper.framework; includeInIndex = 0; path = Pods_MovieFy.framework; sourceTree = BUILT_PRODUCTS_DIR; };
/* End PBXFileReference section */

/* Begin PBXFrameworksBuildPhase section */
		0A236D382140B3F800D5E14C /* Frameworks */ = {
			isa = PBXFrameworksBuildPhase;
			buildActionMask = 2147483647;
			files = (
				33BDBA46BFB904202104B8FB /* Pods_MovieFy.framework in Frameworks */,
			);
			runOnlyForDeploymentPostprocessing = 0;
		};
		0A236D4C2140B3FA00D5E14C /* Frameworks */ = {
			isa = PBXFrameworksBuildPhase;
			buildActionMask = 2147483647;
			files = (
				2152F07D5A2CF4404DB6760D /* Pods_MovieFyTests.framework in Frameworks */,
			);
			runOnlyForDeploymentPostprocessing = 0;
		};
		0A236D572140B3FA00D5E14C /* Frameworks */ = {
			isa = PBXFrameworksBuildPhase;
			buildActionMask = 2147483647;
			files = (
				413FD90E70EC551EFD5192D2 /* Pods_MovieFyUITests.framework in Frameworks */,
			);
			runOnlyForDeploymentPostprocessing = 0;
		};
/* End PBXFrameworksBuildPhase section */

/* Begin PBXGroup section */
		0A236D322140B3F800D5E14C = {
			isa = PBXGroup;
			children = (
				0A236D3D2140B3F800D5E14C /* MovieFy */,
				0A236D522140B3FA00D5E14C /* MovieFyTests */,
				0A236D5D2140B3FA00D5E14C /* MovieFyUITests */,
				0A236D3C2140B3F800D5E14C /* Products */,
				D58E16107CF5A008381FC4F4 /* Pods */,
				8BB08885C98C7D600406E413 /* Frameworks */,
			);
			sourceTree = "<group>";
		};
		0A236D3C2140B3F800D5E14C /* Products */ = {
			isa = PBXGroup;
			children = (
				0A236D3B2140B3F800D5E14C /* MovieFy.app */,
				0A236D4F2140B3FA00D5E14C /* MovieFyTests.xctest */,
				0A236D5A2140B3FA00D5E14C /* MovieFyUITests.xctest */,
			);
			name = Products;
			sourceTree = "<group>";
		};
		0A236D3D2140B3F800D5E14C /* MovieFy */ = {
			isa = PBXGroup;
			children = (
				0A236D712140BE2700D5E14C /* NowPlayingViewController.swift */,
				0A236D3E2140B3F800D5E14C /* AppDelegate.swift */,
				0A236D422140B3F900D5E14C /* Main.storyboard */,
				0A236D452140B3FA00D5E14C /* Assets.xcassets */,
				0A236D472140B3FA00D5E14C /* LaunchScreen.storyboard */,
				0A236D4A2140B3FA00D5E14C /* Info.plist */,
				0A0FE498214874DD00D5FB3A /* MovieCell.swift */,
			);
			path = MovieFy;
			sourceTree = "<group>";
		};
		0A236D522140B3FA00D5E14C /* MovieFyTests */ = {
			isa = PBXGroup;
			children = (
				0A236D532140B3FA00D5E14C /* MovieFyTests.swift */,
				0A236D552140B3FA00D5E14C /* Info.plist */,
			);
			path = MovieFyTests;
			sourceTree = "<group>";
		};
		0A236D5D2140B3FA00D5E14C /* MovieFyUITests */ = {
			isa = PBXGroup;
			children = (
				0A236D5E2140B3FA00D5E14C /* MovieFyUITests.swift */,
				0A236D602140B3FA00D5E14C /* Info.plist */,
			);
			path = MovieFyUITests;
			sourceTree = "<group>";
		};
		8BB08885C98C7D600406E413 /* Frameworks */ = {
			isa = PBXGroup;
			children = (
				BEF8B544A6571D4CDE062818 /* Pods_MovieFy.framework */,
				8796835E17119F0199B530A1 /* Pods_MovieFyTests.framework */,
				6D934202326B0855213D867F /* Pods_MovieFyUITests.framework */,
			);
			name = Frameworks;
			sourceTree = "<group>";
		};
		D58E16107CF5A008381FC4F4 /* Pods */ = {
			isa = PBXGroup;
			children = (
				58C6DE791F19C7E9B7C8FE58 /* Pods-MovieFy.debug.xcconfig */,
				4D8A334E3FBB6B4B8D948ADA /* Pods-MovieFy.release.xcconfig */,
				0C8FE48D085DDE46EDE5D7C2 /* Pods-MovieFyTests.debug.xcconfig */,
				4243A0D102C301971C637709 /* Pods-MovieFyTests.release.xcconfig */,
				125C8E6FD0138A131A5A5B01 /* Pods-MovieFyUITests.debug.xcconfig */,
				AC08231DA7F128CDBD41B6ED /* Pods-MovieFyUITests.release.xcconfig */,
			);
			name = Pods;
			sourceTree = "<group>";
		};
/* End PBXGroup section */

/* Begin PBXNativeTarget section */
		0A236D3A2140B3F800D5E14C /* MovieFy */ = {
			isa = PBXNativeTarget;
			buildConfigurationList = 0A236D632140B3FA00D5E14C /* Build configuration list for PBXNativeTarget "MovieFy" */;
			buildPhases = (
				76EA36103982A9DE653EAD08 /* [CP] Check Pods Manifest.lock */,
				0A236D372140B3F800D5E14C /* Sources */,
				0A236D382140B3F800D5E14C /* Frameworks */,
				0A236D392140B3F800D5E14C /* Resources */,
				C96A2E351EB3780219B5F5C6 /* [CP] Embed Pods Frameworks */,
			);
			buildRules = (
			);
			dependencies = (
			);
			name = MovieFy;
			productName = MovieFy;
			productReference = 0A236D3B2140B3F800D5E14C /* MovieFy.app */;
			productType = "com.apple.product-type.application";
		};
		0A236D4E2140B3FA00D5E14C /* MovieFyTests */ = {
			isa = PBXNativeTarget;
			buildConfigurationList = 0A236D662140B3FA00D5E14C /* Build configuration list for PBXNativeTarget "MovieFyTests" */;
			buildPhases = (
				B59A89A4DB17EDF219778861 /* [CP] Check Pods Manifest.lock */,
				0A236D4B2140B3FA00D5E14C /* Sources */,
				0A236D4C2140B3FA00D5E14C /* Frameworks */,
				0A236D4D2140B3FA00D5E14C /* Resources */,
			);
			buildRules = (
			);
			dependencies = (
				0A236D512140B3FA00D5E14C /* PBXTargetDependency */,
			);
			name = MovieFyTests;
			productName = MovieFyTests;
			productReference = 0A236D4F2140B3FA00D5E14C /* MovieFyTests.xctest */;
			productType = "com.apple.product-type.bundle.unit-test";
		};
		0A236D592140B3FA00D5E14C /* MovieFyUITests */ = {
			isa = PBXNativeTarget;
			buildConfigurationList = 0A236D692140B3FA00D5E14C /* Build configuration list for PBXNativeTarget "MovieFyUITests" */;
			buildPhases = (
				4C23BF687240CDB62A887988 /* [CP] Check Pods Manifest.lock */,
				0A236D562140B3FA00D5E14C /* Sources */,
				0A236D572140B3FA00D5E14C /* Frameworks */,
				0A236D582140B3FA00D5E14C /* Resources */,
			);
			buildRules = (
			);
			dependencies = (
				0A236D5C2140B3FA00D5E14C /* PBXTargetDependency */,
			);
			name = MovieFyUITests;
			productName = MovieFyUITests;
			productReference = 0A236D5A2140B3FA00D5E14C /* MovieFyUITests.xctest */;
			productType = "com.apple.product-type.bundle.ui-testing";
		};
/* End PBXNativeTarget section */

/* Begin PBXProject section */
		0A236D332140B3F800D5E14C /* Project object */ = {
			isa = PBXProject;
			attributes = {
				LastSwiftUpdateCheck = 0940;
				LastUpgradeCheck = 0940;
				ORGANIZATIONNAME = "Tommy Tran";
				TargetAttributes = {
					0A236D3A2140B3F800D5E14C = {
						CreatedOnToolsVersion = 9.4.1;
					};
					0A236D4E2140B3FA00D5E14C = {
						CreatedOnToolsVersion = 9.4.1;
						TestTargetID = 0A236D3A2140B3F800D5E14C;
					};
					0A236D592140B3FA00D5E14C = {
						CreatedOnToolsVersion = 9.4.1;
						TestTargetID = 0A236D3A2140B3F800D5E14C;
					};
				};
			};
			buildConfigurationList = 0A236D362140B3F800D5E14C /* Build configuration list for PBXProject "MovieFy" */;
			compatibilityVersion = "Xcode 9.3";
			developmentRegion = en;
			hasScannedForEncodings = 0;
			knownRegions = (
				en,
				Base,
			);
			mainGroup = 0A236D322140B3F800D5E14C;
			productRefGroup = 0A236D3C2140B3F800D5E14C /* Products */;
			projectDirPath = "";
			projectRoot = "";
			targets = (
				0A236D3A2140B3F800D5E14C /* MovieFy */,
				0A236D4E2140B3FA00D5E14C /* MovieFyTests */,
				0A236D592140B3FA00D5E14C /* MovieFyUITests */,
			);
		};
/* End PBXProject section */

/* Begin PBXResourcesBuildPhase section */
		0A236D392140B3F800D5E14C /* Resources */ = {
			isa = PBXResourcesBuildPhase;
			buildActionMask = 2147483647;
			files = (
				0A236D492140B3FA00D5E14C /* LaunchScreen.storyboard in Resources */,
				0A236D462140B3FA00D5E14C /* Assets.xcassets in Resources */,
				0A236D442140B3F900D5E14C /* Main.storyboard in Resources */,
			);
			runOnlyForDeploymentPostprocessing = 0;
		};
		0A236D4D2140B3FA00D5E14C /* Resources */ = {
			isa = PBXResourcesBuildPhase;
			buildActionMask = 2147483647;
			files = (
			);
			runOnlyForDeploymentPostprocessing = 0;
		};
		0A236D582140B3FA00D5E14C /* Resources */ = {
			isa = PBXResourcesBuildPhase;
			buildActionMask = 2147483647;
			files = (
			);
			runOnlyForDeploymentPostprocessing = 0;
		};
/* End PBXResourcesBuildPhase section */

/* Begin PBXShellScriptBuildPhase section */
		4C23BF687240CDB62A887988 /* [CP] Check Pods Manifest.lock */ = {
			isa = PBXShellScriptBuildPhase;
			buildActionMask = 2147483647;
			files = (
			);
			inputPaths = (
				"${PODS_PODFILE_DIR_PATH}/Podfile.lock",
				"${PODS_ROOT}/Manifest.lock",
			);
			name = "[CP] Check Pods Manifest.lock";
			outputPaths = (
				"$(DERIVED_FILE_DIR)/Pods-MovieFyUITests-checkManifestLockResult.txt",
			);
			runOnlyForDeploymentPostprocessing = 0;
			shellPath = /bin/sh;
			shellScript = "diff \"${PODS_PODFILE_DIR_PATH}/Podfile.lock\" \"${PODS_ROOT}/Manifest.lock\" > /dev/null\nif [ $? != 0 ] ; then\n    # print error to STDERR\n    echo \"error: The sandbox is not in sync with the Podfile.lock. Run 'pod install' or update your CocoaPods installation.\" >&2\n    exit 1\nfi\n# This output is used by Xcode 'outputs' to avoid re-running this script phase.\necho \"SUCCESS\" > \"${SCRIPT_OUTPUT_FILE_0}\"\n";
			showEnvVarsInLog = 0;
		};
		76EA36103982A9DE653EAD08 /* [CP] Check Pods Manifest.lock */ = {
			isa = PBXShellScriptBuildPhase;
			buildActionMask = 2147483647;
			files = (
			);
			inputPaths = (
				"${PODS_PODFILE_DIR_PATH}/Podfile.lock",
				"${PODS_ROOT}/Manifest.lock",
			);
			name = "[CP] Check Pods Manifest.lock";
			outputPaths = (
				"$(DERIVED_FILE_DIR)/Pods-MovieFy-checkManifestLockResult.txt",
			);
			runOnlyForDeploymentPostprocessing = 0;
			shellPath = /bin/sh;
			shellScript = "diff \"${PODS_PODFILE_DIR_PATH}/Podfile.lock\" \"${PODS_ROOT}/Manifest.lock\" > /dev/null\nif [ $? != 0 ] ; then\n    # print error to STDERR\n    echo \"error: The sandbox is not in sync with the Podfile.lock. Run 'pod install' or update your CocoaPods installation.\" >&2\n    exit 1\nfi\n# This output is used by Xcode 'outputs' to avoid re-running this script phase.\necho \"SUCCESS\" > \"${SCRIPT_OUTPUT_FILE_0}\"\n";
			showEnvVarsInLog = 0;
		};
		B59A89A4DB17EDF219778861 /* [CP] Check Pods Manifest.lock */ = {
			isa = PBXShellScriptBuildPhase;
			buildActionMask = 2147483647;
			files = (
			);
			inputPaths = (
				"${PODS_PODFILE_DIR_PATH}/Podfile.lock",
				"${PODS_ROOT}/Manifest.lock",
			);
			name = "[CP] Check Pods Manifest.lock";
			outputPaths = (
				"$(DERIVED_FILE_DIR)/Pods-MovieFyTests-checkManifestLockResult.txt",
			);
			runOnlyForDeploymentPostprocessing = 0;
			shellPath = /bin/sh;
			shellScript = "diff \"${PODS_PODFILE_DIR_PATH}/Podfile.lock\" \"${PODS_ROOT}/Manifest.lock\" > /dev/null\nif [ $? != 0 ] ; then\n    # print error to STDERR\n    echo \"error: The sandbox is not in sync with the Podfile.lock. Run 'pod install' or update your CocoaPods installation.\" >&2\n    exit 1\nfi\n# This output is used by Xcode 'outputs' to avoid re-running this script phase.\necho \"SUCCESS\" > \"${SCRIPT_OUTPUT_FILE_0}\"\n";
			showEnvVarsInLog = 0;
		};
		C96A2E351EB3780219B5F5C6 /* [CP] Embed Pods Frameworks */ = {
			isa = PBXShellScriptBuildPhase;
			buildActionMask = 2147483647;
			files = (
			);
			inputPaths = (
				"${SRCROOT}/Pods/Target Support Files/Pods-MovieFy/Pods-MovieFy-frameworks.sh",
				"${BUILT_PRODUCTS_DIR}/Alamofire/Alamofire.framework",
				"${BUILT_PRODUCTS_DIR}/AlamofireImage/AlamofireImage.framework",
			);
			name = "[CP] Embed Pods Frameworks";
			outputPaths = (
				"${TARGET_BUILD_DIR}/${FRAMEWORKS_FOLDER_PATH}/Alamofire.framework",
				"${TARGET_BUILD_DIR}/${FRAMEWORKS_FOLDER_PATH}/AlamofireImage.framework",
			);
			runOnlyForDeploymentPostprocessing = 0;
			shellPath = /bin/sh;
			shellScript = "\"${SRCROOT}/Pods/Target Support Files/Pods-MovieFy/Pods-MovieFy-frameworks.sh\"\n";
			showEnvVarsInLog = 0;
		};
/* End PBXShellScriptBuildPhase section */

/* Begin PBXSourcesBuildPhase section */
		0A236D372140B3F800D5E14C /* Sources */ = {
			isa = PBXSourcesBuildPhase;
			buildActionMask = 2147483647;
			files = (
				0A236D722140BE2700D5E14C /* NowPlayingViewController.swift in Sources */,
				0A236D3F2140B3F800D5E14C /* AppDelegate.swift in Sources */,
				0A0FE499214874DD00D5FB3A /* MovieCell.swift in Sources */,
			);
			runOnlyForDeploymentPostprocessing = 0;
		};
		0A236D4B2140B3FA00D5E14C /* Sources */ = {
			isa = PBXSourcesBuildPhase;
			buildActionMask = 2147483647;
			files = (
				0A236D542140B3FA00D5E14C /* MovieFyTests.swift in Sources */,
			);
			runOnlyForDeploymentPostprocessing = 0;
		};
		0A236D562140B3FA00D5E14C /* Sources */ = {
			isa = PBXSourcesBuildPhase;
			buildActionMask = 2147483647;
			files = (
				0A236D5F2140B3FA00D5E14C /* MovieFyUITests.swift in Sources */,
			);
			runOnlyForDeploymentPostprocessing = 0;
		};
/* End PBXSourcesBuildPhase section */

/* Begin PBXTargetDependency section */
		0A236D512140B3FA00D5E14C /* PBXTargetDependency */ = {
			isa = PBXTargetDependency;
			target = 0A236D3A2140B3F800D5E14C /* MovieFy */;
			targetProxy = 0A236D502140B3FA00D5E14C /* PBXContainerItemProxy */;
		};
		0A236D5C2140B3FA00D5E14C /* PBXTargetDependency */ = {
			isa = PBXTargetDependency;
			target = 0A236D3A2140B3F800D5E14C /* MovieFy */;
			targetProxy = 0A236D5B2140B3FA00D5E14C /* PBXContainerItemProxy */;
		};
/* End PBXTargetDependency section */

/* Begin PBXVariantGroup section */
		0A236D422140B3F900D5E14C /* Main.storyboard */ = {
			isa = PBXVariantGroup;
			children = (
				0A236D432140B3F900D5E14C /* Base */,
			);
			name = Main.storyboard;
			sourceTree = "<group>";
		};
		0A236D472140B3FA00D5E14C /* LaunchScreen.storyboard */ = {
			isa = PBXVariantGroup;
			children = (
				0A236D482140B3FA00D5E14C /* Base */,
			);
			name = LaunchScreen.storyboard;
			sourceTree = "<group>";
		};
/* End PBXVariantGroup section */

/* Begin XCBuildConfiguration section */
		0A236D612140B3FA00D5E14C /* Debug */ = {
			isa = XCBuildConfiguration;
			buildSettings = {
				ALWAYS_SEARCH_USER_PATHS = NO;
				CLANG_ANALYZER_NONNULL = YES;
				CLANG_ANALYZER_NUMBER_OBJECT_CONVERSION = YES_AGGRESSIVE;
				CLANG_CXX_LANGUAGE_STANDARD = "gnu++14";
				CLANG_CXX_LIBRARY = "libc++";
				CLANG_ENABLE_MODULES = YES;
				CLANG_ENABLE_OBJC_ARC = YES;
				CLANG_ENABLE_OBJC_WEAK = YES;
				CLANG_WARN_BLOCK_CAPTURE_AUTORELEASING = YES;
				CLANG_WARN_BOOL_CONVERSION = YES;
				CLANG_WARN_COMMA = YES;
				CLANG_WARN_CONSTANT_CONVERSION = YES;
				CLANG_WARN_DEPRECATED_OBJC_IMPLEMENTATIONS = YES;
				CLANG_WARN_DIRECT_OBJC_ISA_USAGE = YES_ERROR;
				CLANG_WARN_DOCUMENTATION_COMMENTS = YES;
				CLANG_WARN_EMPTY_BODY = YES;
				CLANG_WARN_ENUM_CONVERSION = YES;
				CLANG_WARN_INFINITE_RECURSION = YES;
				CLANG_WARN_INT_CONVERSION = YES;
				CLANG_WARN_NON_LITERAL_NULL_CONVERSION = YES;
				CLANG_WARN_OBJC_IMPLICIT_RETAIN_SELF = YES;
				CLANG_WARN_OBJC_LITERAL_CONVERSION = YES;
				CLANG_WARN_OBJC_ROOT_CLASS = YES_ERROR;
				CLANG_WARN_RANGE_LOOP_ANALYSIS = YES;
				CLANG_WARN_STRICT_PROTOTYPES = YES;
				CLANG_WARN_SUSPICIOUS_MOVE = YES;
				CLANG_WARN_UNGUARDED_AVAILABILITY = YES_AGGRESSIVE;
				CLANG_WARN_UNREACHABLE_CODE = YES;
				CLANG_WARN__DUPLICATE_METHOD_MATCH = YES;
				CODE_SIGN_IDENTITY = "iPhone Developer";
				COPY_PHASE_STRIP = NO;
				DEBUG_INFORMATION_FORMAT = dwarf;
				ENABLE_STRICT_OBJC_MSGSEND = YES;
				ENABLE_TESTABILITY = YES;
				GCC_C_LANGUAGE_STANDARD = gnu11;
				GCC_DYNAMIC_NO_PIC = NO;
				GCC_NO_COMMON_BLOCKS = YES;
				GCC_OPTIMIZATION_LEVEL = 0;
				GCC_PREPROCESSOR_DEFINITIONS = (
					"DEBUG=1",
					"$(inherited)",
				);
				GCC_WARN_64_TO_32_BIT_CONVERSION = YES;
				GCC_WARN_ABOUT_RETURN_TYPE = YES_ERROR;
				GCC_WARN_UNDECLARED_SELECTOR = YES;
				GCC_WARN_UNINITIALIZED_AUTOS = YES_AGGRESSIVE;
				GCC_WARN_UNUSED_FUNCTION = YES;
				GCC_WARN_UNUSED_VARIABLE = YES;
				IPHONEOS_DEPLOYMENT_TARGET = 11.4;
				MTL_ENABLE_DEBUG_INFO = YES;
				ONLY_ACTIVE_ARCH = YES;
				SDKROOT = iphoneos;
				SWIFT_ACTIVE_COMPILATION_CONDITIONS = DEBUG;
				SWIFT_OPTIMIZATION_LEVEL = "-Onone";
			};
			name = Debug;
		};
		0A236D622140B3FA00D5E14C /* Release */ = {
			isa = XCBuildConfiguration;
			buildSettings = {
				ALWAYS_SEARCH_USER_PATHS = NO;
				CLANG_ANALYZER_NONNULL = YES;
				CLANG_ANALYZER_NUMBER_OBJECT_CONVERSION = YES_AGGRESSIVE;
				CLANG_CXX_LANGUAGE_STANDARD = "gnu++14";
				CLANG_CXX_LIBRARY = "libc++";
				CLANG_ENABLE_MODULES = YES;
				CLANG_ENABLE_OBJC_ARC = YES;
				CLANG_ENABLE_OBJC_WEAK = YES;
				CLANG_WARN_BLOCK_CAPTURE_AUTORELEASING = YES;
				CLANG_WARN_BOOL_CONVERSION = YES;
				CLANG_WARN_COMMA = YES;
				CLANG_WARN_CONSTANT_CONVERSION = YES;
				CLANG_WARN_DEPRECATED_OBJC_IMPLEMENTATIONS = YES;
				CLANG_WARN_DIRECT_OBJC_ISA_USAGE = YES_ERROR;
				CLANG_WARN_DOCUMENTATION_COMMENTS = YES;
				CLANG_WARN_EMPTY_BODY = YES;
				CLANG_WARN_ENUM_CONVERSION = YES;
				CLANG_WARN_INFINITE_RECURSION = YES;
				CLANG_WARN_INT_CONVERSION = YES;
				CLANG_WARN_NON_LITERAL_NULL_CONVERSION = YES;
				CLANG_WARN_OBJC_IMPLICIT_RETAIN_SELF = YES;
				CLANG_WARN_OBJC_LITERAL_CONVERSION = YES;
				CLANG_WARN_OBJC_ROOT_CLASS = YES_ERROR;
				CLANG_WARN_RANGE_LOOP_ANALYSIS = YES;
				CLANG_WARN_STRICT_PROTOTYPES = YES;
				CLANG_WARN_SUSPICIOUS_MOVE = YES;
				CLANG_WARN_UNGUARDED_AVAILABILITY = YES_AGGRESSIVE;
				CLANG_WARN_UNREACHABLE_CODE = YES;
				CLANG_WARN__DUPLICATE_METHOD_MATCH = YES;
				CODE_SIGN_IDENTITY = "iPhone Developer";
				COPY_PHASE_STRIP = NO;
				DEBUG_INFORMATION_FORMAT = "dwarf-with-dsym";
				ENABLE_NS_ASSERTIONS = NO;
				ENABLE_STRICT_OBJC_MSGSEND = YES;
				GCC_C_LANGUAGE_STANDARD = gnu11;
				GCC_NO_COMMON_BLOCKS = YES;
				GCC_WARN_64_TO_32_BIT_CONVERSION = YES;
				GCC_WARN_ABOUT_RETURN_TYPE = YES_ERROR;
				GCC_WARN_UNDECLARED_SELECTOR = YES;
				GCC_WARN_UNINITIALIZED_AUTOS = YES_AGGRESSIVE;
				GCC_WARN_UNUSED_FUNCTION = YES;
				GCC_WARN_UNUSED_VARIABLE = YES;
				IPHONEOS_DEPLOYMENT_TARGET = 11.4;
				MTL_ENABLE_DEBUG_INFO = NO;
				SDKROOT = iphoneos;
				SWIFT_COMPILATION_MODE = wholemodule;
				SWIFT_OPTIMIZATION_LEVEL = "-O";
				VALIDATE_PRODUCT = YES;
			};
			name = Release;
		};
		0A236D642140B3FA00D5E14C /* Debug */ = {
			isa = XCBuildConfiguration;
			baseConfigurationReference = 58C6DE791F19C7E9B7C8FE58 /* Pods-MovieFy.debug.xcconfig */;
			buildSettings = {
				ASSETCATALOG_COMPILER_APPICON_NAME = AppIcon;
				CODE_SIGN_STYLE = Automatic;
				DEVELOPMENT_TEAM = N7T32W5G6L;
				INFOPLIST_FILE = MovieFy/Info.plist;
				LD_RUNPATH_SEARCH_PATHS = (
					"$(inherited)",
					"@executable_path/Frameworks",
				);
				PRODUCT_BUNDLE_IDENTIFIER = "T-T.MovieFy";
				PRODUCT_NAME = "$(TARGET_NAME)";
				SWIFT_VERSION = 4.0;
				TARGETED_DEVICE_FAMILY = "1,2";
			};
			name = Debug;
		};
		0A236D652140B3FA00D5E14C /* Release */ = {
			isa = XCBuildConfiguration;
			baseConfigurationReference = 4D8A334E3FBB6B4B8D948ADA /* Pods-MovieFy.release.xcconfig */;
			buildSettings = {
				ASSETCATALOG_COMPILER_APPICON_NAME = AppIcon;
				CODE_SIGN_STYLE = Automatic;
				DEVELOPMENT_TEAM = N7T32W5G6L;
				INFOPLIST_FILE = MovieFy/Info.plist;
				LD_RUNPATH_SEARCH_PATHS = (
					"$(inherited)",
					"@executable_path/Frameworks",
				);
				PRODUCT_BUNDLE_IDENTIFIER = "T-T.MovieFy";
				PRODUCT_NAME = "$(TARGET_NAME)";
				SWIFT_VERSION = 4.0;
				TARGETED_DEVICE_FAMILY = "1,2";
			};
			name = Release;
		};
		0A236D672140B3FA00D5E14C /* Debug */ = {
			isa = XCBuildConfiguration;
			baseConfigurationReference = 0C8FE48D085DDE46EDE5D7C2 /* Pods-MovieFyTests.debug.xcconfig */;
			buildSettings = {
				ALWAYS_EMBED_SWIFT_STANDARD_LIBRARIES = YES;
				BUNDLE_LOADER = "$(TEST_HOST)";
				CODE_SIGN_STYLE = Automatic;
				DEVELOPMENT_TEAM = N7T32W5G6L;
				INFOPLIST_FILE = MovieFyTests/Info.plist;
				LD_RUNPATH_SEARCH_PATHS = (
					"$(inherited)",
					"@executable_path/Frameworks",
					"@loader_path/Frameworks",
				);
				PRODUCT_BUNDLE_IDENTIFIER = "T-T.MovieFyTests";
				PRODUCT_NAME = "$(TARGET_NAME)";
				SWIFT_VERSION = 4.0;
				TARGETED_DEVICE_FAMILY = "1,2";
				TEST_HOST = "$(BUILT_PRODUCTS_DIR)/MovieFy.app/MovieFy";
			};
			name = Debug;
		};
		0A236D682140B3FA00D5E14C /* Release */ = {
			isa = XCBuildConfiguration;
			baseConfigurationReference = 4243A0D102C301971C637709 /* Pods-MovieFyTests.release.xcconfig */;
			buildSettings = {
				ALWAYS_EMBED_SWIFT_STANDARD_LIBRARIES = YES;
				BUNDLE_LOADER = "$(TEST_HOST)";
				CODE_SIGN_STYLE = Automatic;
				DEVELOPMENT_TEAM = N7T32W5G6L;
				INFOPLIST_FILE = MovieFyTests/Info.plist;
				LD_RUNPATH_SEARCH_PATHS = (
					"$(inherited)",
					"@executable_path/Frameworks",
					"@loader_path/Frameworks",
				);
				PRODUCT_BUNDLE_IDENTIFIER = "T-T.MovieFyTests";
				PRODUCT_NAME = "$(TARGET_NAME)";
				SWIFT_VERSION = 4.0;
				TARGETED_DEVICE_FAMILY = "1,2";
				TEST_HOST = "$(BUILT_PRODUCTS_DIR)/MovieFy.app/MovieFy";
			};
			name = Release;
		};
		0A236D6A2140B3FA00D5E14C /* Debug */ = {
			isa = XCBuildConfiguration;
			baseConfigurationReference = 125C8E6FD0138A131A5A5B01 /* Pods-MovieFyUITests.debug.xcconfig */;
			buildSettings = {
				ALWAYS_EMBED_SWIFT_STANDARD_LIBRARIES = YES;
				CODE_SIGN_STYLE = Automatic;
				DEVELOPMENT_TEAM = N7T32W5G6L;
				INFOPLIST_FILE = MovieFyUITests/Info.plist;
				LD_RUNPATH_SEARCH_PATHS = (
					"$(inherited)",
					"@executable_path/Frameworks",
					"@loader_path/Frameworks",
				);
				PRODUCT_BUNDLE_IDENTIFIER = "T-T.MovieFyUITests";
				PRODUCT_NAME = "$(TARGET_NAME)";
				SWIFT_VERSION = 4.0;
				TARGETED_DEVICE_FAMILY = "1,2";
				TEST_TARGET_NAME = MovieFy;
			};
			name = Debug;
		};
		0A236D6B2140B3FA00D5E14C /* Release */ = {
			isa = XCBuildConfiguration;
			baseConfigurationReference = AC08231DA7F128CDBD41B6ED /* Pods-MovieFyUITests.release.xcconfig */;
			buildSettings = {
				ALWAYS_EMBED_SWIFT_STANDARD_LIBRARIES = YES;
				CODE_SIGN_STYLE = Automatic;
				DEVELOPMENT_TEAM = N7T32W5G6L;
				INFOPLIST_FILE = MovieFyUITests/Info.plist;
				LD_RUNPATH_SEARCH_PATHS = (
					"$(inherited)",
					"@executable_path/Frameworks",
					"@loader_path/Frameworks",
				);
				PRODUCT_BUNDLE_IDENTIFIER = "T-T.MovieFyUITests";
				PRODUCT_NAME = "$(TARGET_NAME)";
				SWIFT_VERSION = 4.0;
				TARGETED_DEVICE_FAMILY = "1,2";
				TEST_TARGET_NAME = MovieFy;
			};
			name = Release;
		};
/* End XCBuildConfiguration section */

/* Begin XCConfigurationList section */
		0A236D362140B3F800D5E14C /* Build configuration list for PBXProject "MovieFy" */ = {
			isa = XCConfigurationList;
			buildConfigurations = (
				0A236D612140B3FA00D5E14C /* Debug */,
				0A236D622140B3FA00D5E14C /* Release */,
			);
			defaultConfigurationIsVisible = 0;
			defaultConfigurationName = Release;
		};
		0A236D632140B3FA00D5E14C /* Build configuration list for PBXNativeTarget "MovieFy" */ = {
			isa = XCConfigurationList;
			buildConfigurations = (
				0A236D642140B3FA00D5E14C /* Debug */,
				0A236D652140B3FA00D5E14C /* Release */,
			);
			defaultConfigurationIsVisible = 0;
			defaultConfigurationName = Release;
		};
		0A236D662140B3FA00D5E14C /* Build configuration list for PBXNativeTarget "MovieFyTests" */ = {
			isa = XCConfigurationList;
			buildConfigurations = (
				0A236D672140B3FA00D5E14C /* Debug */,
				0A236D682140B3FA00D5E14C /* Release */,
			);
			defaultConfigurationIsVisible = 0;
			defaultConfigurationName = Release;
		};
		0A236D692140B3FA00D5E14C /* Build configuration list for PBXNativeTarget "MovieFyUITests" */ = {
			isa = XCConfigurationList;
			buildConfigurations = (
				0A236D6A2140B3FA00D5E14C /* Debug */,
				0A236D6B2140B3FA00D5E14C /* Release */,
			);
			defaultConfigurationIsVisible = 0;
			defaultConfigurationName = Release;
		};
/* End XCConfigurationList section */
	};
	rootObject = 0A236D332140B3F800D5E14C /* Project object */;
}
